
Microsoft Visual Studio Solution File, Format Version 12.00
# Visual Studio Version 17
VisualStudioVersion = 17.2.32616.157
MinimumVisualStudioVersion = 10.0.40219.1
Project("{FAE04EC0-301F-11D3-BF4B-00C04F79EFBC}") = "BlazorAppTodoList", "BlazorAppTodoList\BlazorAppTodoList.csproj", "{7C8B7ACF-9FE1-4797-8AE3-BAA19B4E41DF}"
EndProject
Global
	GlobalSection(SolutionConfigurationPlatforms) = preSolution
		Debug|Any CPU = Debug|Any CPU
		Release|Any CPU = Release|Any CPU
	EndGlobalSection
	GlobalSection(ProjectConfigurationPlatforms) = postSolution
		{7C8B7ACF-9FE1-4797-8AE3-BAA19B4E41DF}.Debug|Any CPU.ActiveCfg = Debug|Any CPU
		{7C8B7ACF-9FE1-4797-8AE3-BAA19B4E41DF}.Debug|Any CPU.Build.0 = Debug|Any CPU
		{7C8B7ACF-9FE1-4797-8AE3-BAA19B4E41DF}.Release|Any CPU.ActiveCfg = Release|Any CPU
		{7C8B7ACF-9FE1-4797-8AE3-BAA19B4E41DF}.Release|Any CPU.Build.0 = Release|Any CPU
	EndGlobalSection
	GlobalSection(SolutionProperties) = preSolution
		HideSolutionNode = FALSE
	EndGlobalSection
	GlobalSection(ExtensibilityGlobals) = postSolution
		SolutionGuid = {BFC28F1F-0EAF-4171-8885-19B617CE9F04}
	EndGlobalSection
EndGlobal
